// !$*UTF8*$!
{
	archiveVersion = 1;
	classes = {
	};
	objectVersion = 50;
	objects = {

/* Begin PBXBuildFile section */
		CE0DB6AD26FA085B0082E593 /* AppDelegate.swift in Sources */ = {isa = PBXBuildFile; fileRef = CE0DB6AC26FA085B0082E593 /* AppDelegate.swift */; };
		CE0DB6AF26FA085B0082E593 /* SceneDelegate.swift in Sources */ = {isa = PBXBuildFile; fileRef = CE0DB6AE26FA085B0082E593 /* SceneDelegate.swift */; };
		CE0DB6B126FA085B0082E593 /* ViewController.swift in Sources */ = {isa = PBXBuildFile; fileRef = CE0DB6B026FA085B0082E593 /* ViewController.swift */; };
		CE0DB6B426FA085B0082E593 /* Main.storyboard in Resources */ = {isa = PBXBuildFile; fileRef = CE0DB6B226FA085B0082E593 /* Main.storyboard */; };
		CE0DB6B626FA085D0082E593 /* Assets.xcassets in Resources */ = {isa = PBXBuildFile; fileRef = CE0DB6B526FA085D0082E593 /* Assets.xcassets */; };
		CE0DB6B926FA085D0082E593 /* LaunchScreen.storyboard in Resources */ = {isa = PBXBuildFile; fileRef = CE0DB6B726FA085D0082E593 /* LaunchScreen.storyboard */; };
/* End PBXBuildFile section */

/* Begin PBXFileReference section */
		CE0DB6A926FA085B0082E593 /* DeinitObserverExample.app */ = {isa = PBXFileReference; explicitFileType = wrapper.application; includeInIndex = 0; path = DeinitObserverExample.app; sourceTree = BUILT_PRODUCTS_DIR; };
		CE0DB6AC26FA085B0082E593 /* AppDelegate.swift */ = {isa = PBXFileReference; lastKnownFileType = sourcecode.swift; path = AppDelegate.swift; sourceTree = "<group>"; };
		CE0DB6AE26FA085B0082E593 /* SceneDelegate.swift */ = {isa = PBXFileReference; lastKnownFileType = sourcecode.swift; path = SceneDelegate.swift; sourceTree = "<group>"; };
		CE0DB6B026FA085B0082E593 /* ViewController.swift */ = {isa = PBXFileReference; lastKnownFileType = sourcecode.swift; path = ViewController.swift; sourceTree = "<group>"; };
		CE0DB6B326FA085B0082E593 /* Base */ = {isa = PBXFileReference; lastKnownFileType = file.storyboard; name = Base; path = Base.lproj/Main.storyboard; sourceTree = "<group>"; };
		CE0DB6B526FA085D0082E593 /* Assets.xcassets */ = {isa = PBXFileReference; lastKnownFileType = folder.assetcatalog; path = Assets.xcassets; sourceTree = "<group>"; };
		CE0DB6B826FA085D0082E593 /* Base */ = {isa = PBXFileReference; lastKnownFileType = file.storyboard; name = Base; path = Base.lproj/LaunchScreen.storyboard; sourceTree = "<group>"; };
		CE0DB6BA26FA085D0082E593 /* Info.plist */ = {isa = PBXFileReference; lastKnownFileType = text.plist.xml; path = Info.plist; sourceTree = "<group>"; };
/* End PBXFileReference section */

/* Begin PBXFrameworksBuildPhase section */
		CE0DB6A626FA085B0082E593 /* Frameworks */ = {
			isa = PBXFrameworksBuildPhase;
			buildActionMask = 2147483647;
			files = (
			);
			runOnlyForDeploymentPostprocessing = 0;
		};
/* End PBXFrameworksBuildPhase section */

/* Begin PBXGroup section */
		CE0DB6A026FA085B0082E593 = {
			isa = PBXGroup;
			children = (
				CE0DB6AB26FA085B0082E593 /* DeinitObserverExample */,
				CE0DB6AA26FA085B0082E593 /* Products */,
			);
			sourceTree = "<group>";
		};
		CE0DB6AA26FA085B0082E593 /* Products */ = {
			isa = PBXGroup;
			children = (
				CE0DB6A926FA085B0082E593 /* DeinitObserverExample.app */,
			);
			name = Products;
			sourceTree = "<group>";
		};
		CE0DB6AB26FA085B0082E593 /* DeinitObserverExample */ = {
			isa = PBXGroup;
			children = (
				CE0DB6AC26FA085B0082E593 /* AppDelegate.swift */,
				CE0DB6AE26FA085B0082E593 /* SceneDelegate.swift */,
				CE0DB6B026FA085B0082E593 /* ViewController.swift */,
				CE0DB6B226FA085B0082E593 /* Main.storyboard */,
				CE0DB6B526FA085D0082E593 /* Assets.xcassets */,
				CE0DB6B726FA085D0082E593 /* LaunchScreen.storyboard */,
				CE0DB6BA26FA085D0082E593 /* Info.plist */,
			);
			path = DeinitObserverExample;
			sourceTree = "<group>";
		};
/* End PBXGroup section */

/* Begin PBXNativeTarget section */
		CE0DB6A826FA085B0082E593 /* DeinitObserverExample */ = {
			isa = PBXNativeTarget;
			buildConfigurationList = CE0DB6BD26FA085D0082E593 /* Build configuration list for PBXNativeTarget "DeinitObserverExample" */;
			buildPhases = (
				CE0DB6A526FA085B0082E593 /* Sources */,
				CE0DB6A626FA085B0082E593 /* Frameworks */,
				CE0DB6A726FA085B0082E593 /* Resources */,
			);
			buildRules = (
			);
			dependencies = (
			);
			name = DeinitObserverExample;
			productName = DeinitObserverExample;
			productReference = CE0DB6A926FA085B0082E593 /* DeinitObserverExample.app */;
			productType = "com.apple.product-type.application";
		};
/* End PBXNativeTarget section */

/* Begin PBXProject section */
		CE0DB6A126FA085B0082E593 /* Project object */ = {
			isa = PBXProject;
			attributes = {
				LastSwiftUpdateCheck = 1250;
				LastUpgradeCheck = 1250;
				TargetAttributes = {
					CE0DB6A826FA085B0082E593 = {
						CreatedOnToolsVersion = 12.5.1;
					};
				};
			};
			buildConfigurationList = CE0DB6A426FA085B0082E593 /* Build configuration list for PBXProject "DeinitObserverExample" */;
			compatibilityVersion = "Xcode 9.3";
			developmentRegion = en;
			hasScannedForEncodings = 0;
			knownRegions = (
				en,
				Base,
			);
			mainGroup = CE0DB6A026FA085B0082E593;
			productRefGroup = CE0DB6AA26FA085B0082E593 /* Products */;
			projectDirPath = "";
			projectRoot = "";
			targets = (
				CE0DB6A826FA085B0082E593 /* DeinitObserverExample */,
			);
		};
/* End PBXProject section */

/* Begin PBXResourcesBuildPhase section */
		CE0DB6A726FA085B0082E593 /* Resources */ = {
			isa = PBXResourcesBuildPhase;
			buildActionMask = 2147483647;
			files = (
				CE0DB6B926FA085D0082E593 /* LaunchScreen.storyboard in Resources */,
				CE0DB6B626FA085D0082E593 /* Assets.xcassets in Resources */,
				CE0DB6B426FA085B0082E593 /* Main.storyboard in Resources */,
			);
			runOnlyForDeploymentPostprocessing = 0;
		};
/* End PBXResourcesBuildPhase section */

/* Begin PBXSourcesBuildPhase section */
		CE0DB6A526FA085B0082E593 /* Sources */ = {
			isa = PBXSourcesBuildPhase;
			buildActionMask = 2147483647;
			files = (
				CE0DB6B126FA085B0082E593 /* ViewController.swift in Sources */,
				CE0DB6AD26FA085B0082E593 /* AppDelegate.swift in Sources */,
				CE0DB6AF26FA085B0082E593 /* SceneDelegate.swift in Sources */,
			);
			runOnlyForDeploymentPostprocessing = 0;
		};
/* End PBXSourcesBuildPhase section */

/* Begin PBXVariantGroup section */
		CE0DB6B226FA085B0082E593 /* Main.storyboard */ = {
			isa = PBXVariantGroup;
			children = (
				CE0DB6B326FA085B0082E593 /* Base */,
			);
			name = Main.storyboard;
			sourceTree = "<group>";
		};
		CE0DB6B726FA085D0082E593 /* LaunchScreen.storyboard */ = {
			isa = PBXVariantGroup;
			children = (
				CE0DB6B826FA085D0082E593 /* Base */,
			);
			name = LaunchScreen.storyboard;
			sourceTree = "<group>";
		};
/* End PBXVariantGroup section */

/* Begin XCBuildConfiguration section */
		CE0DB6BB26FA085D0082E593 /* Debug */ = {
			isa = XCBuildConfiguration;
			buildSettings = {
				ALWAYS_SEARCH_USER_PATHS = NO;
				CLANG_ANALYZER_NONNULL = YES;
				CLANG_ANALYZER_NUMBER_OBJECT_CONVERSION = YES_AGGRESSIVE;
				CLANG_CXX_LANGUAGE_STANDARD = "gnu++14";
				CLANG_CXX_LIBRARY = "libc++";
				CLANG_ENABLE_MODULES = YES;
				CLANG_ENABLE_OBJC_ARC = YES;
				CLANG_ENABLE_OBJC_WEAK = YES;
				CLANG_WARN_BLOCK_CAPTURE_AUTORELEASING = YES;
				CLANG_WARN_BOOL_CONVERSION = YES;
				CLANG_WARN_COMMA = YES;
				CLANG_WARN_CONSTANT_CONVERSION = YES;
				CLANG_WARN_DEPRECATED_OBJC_IMPLEMENTATIONS = YES;
				CLANG_WARN_DIRECT_OBJC_ISA_USAGE = YES_ERROR;
				CLANG_WARN_DOCUMENTATION_COMMENTS = YES;
				CLANG_WARN_EMPTY_BODY = YES;
				CLANG_WARN_ENUM_CONVERSION = YES;
				CLANG_WARN_INFINITE_RECURSION = YES;
				CLANG_WARN_INT_CONVERSION = YES;
				CLANG_WARN_NON_LITERAL_NULL_CONVERSION = YES;
				CLANG_WARN_OBJC_IMPLICIT_RETAIN_SELF = YES;
				CLANG_WARN_OBJC_LITERAL_CONVERSION = YES;
				CLANG_WARN_OBJC_ROOT_CLASS = YES_ERROR;
				CLANG_WARN_QUOTED_INCLUDE_IN_FRAMEWORK_HEADER = YES;
				CLANG_WARN_RANGE_LOOP_ANALYSIS = YES;
				CLANG_WARN_STRICT_PROTOTYPES = YES;
				CLANG_WARN_SUSPICIOUS_MOVE = YES;
				CLANG_WARN_UNGUARDED_AVAILABILITY = YES_AGGRESSIVE;
				CLANG_WARN_UNREACHABLE_CODE = YES;
				CLANG_WARN__DUPLICATE_METHOD_MATCH = YES;
				COPY_PHASE_STRIP = NO;
				DEBUG_INFORMATION_FORMAT = dwarf;
				ENABLE_STRICT_OBJC_MSGSEND = YES;
				ENABLE_TESTABILITY = YES;
				GCC_C_LANGUAGE_STANDARD = gnu11;
				GCC_DYNAMIC_NO_PIC = NO;
				GCC_NO_COMMON_BLOCKS = YES;
				GCC_OPTIMIZATION_LEVEL = 0;
				GCC_PREPROCESSOR_DEFINITIONS = (
					"DEBUG=1",
					"$(inherited)",
				);
				GCC_WARN_64_TO_32_BIT_CONVERSION = YES;
				GCC_WARN_ABOUT_RETURN_TYPE = YES_ERROR;
				GCC_WARN_UNDECLARED_SELECTOR = YES;
				GCC_WARN_UNINITIALIZED_AUTOS = YES_AGGRESSIVE;
				GCC_WARN_UNUSED_FUNCTION = YES;
				GCC_WARN_UNUSED_VARIABLE = YES;
				IPHONEOS_DEPLOYMENT_TARGET = 14.5;
				MTL_ENABLE_DEBUG_INFO = INCLUDE_SOURCE;
				MTL_FAST_MATH = YES;
				ONLY_ACTIVE_ARCH = YES;
				SDKROOT = iphoneos;
				SWIFT_ACTIVE_COMPILATION_CONDITIONS = DEBUG;
				SWIFT_OPTIMIZATION_LEVEL = "-Onone";
			};
			name = Debug;
		};
		CE0DB6BC26FA085D0082E593 /* Release */ = {
			isa = XCBuildConfiguration;
			buildSettings = {
				ALWAYS_SEARCH_USER_PATHS = NO;
				CLANG_ANALYZER_NONNULL = YES;
				CLANG_ANALYZER_NUMBER_OBJECT_CONVERSION = YES_AGGRESSIVE;
				CLANG_CXX_LANGUAGE_STANDARD = "gnu++14";
				CLANG_CXX_LIBRARY = "libc++";
				CLANG_ENABLE_MODULES = YES;
				CLANG_ENABLE_OBJC_ARC = YES;
				CLANG_ENABLE_OBJC_WEAK = YES;
				CLANG_WARN_BLOCK_CAPTURE_AUTORELEASING = YES;
				CLANG_WARN_BOOL_CONVERSION = YES;
				CLANG_WARN_COMMA = YES;
				CLANG_WARN_CONSTANT_CONVERSION = YES;
				CLANG_WARN_DEPRECATED_OBJC_IMPLEMENTATIONS = YES;
				CLANG_WARN_DIRECT_OBJC_ISA_USAGE = YES_ERROR;
				CLANG_WARN_DOCUMENTATION_COMMENTS = YES;
				CLANG_WARN_EMPTY_BODY = YES;
				CLANG_WARN_ENUM_CONVERSION = YES;
				CLANG_WARN_INFINITE_RECURSION = YES;
				CLANG_WARN_INT_CONVERSION = YES;
				CLANG_WARN_NON_LITERAL_NULL_CONVERSION = YES;
				CLANG_WARN_OBJC_IMPLICIT_RETAIN_SELF = YES;
				CLANG_WARN_OBJC_LITERAL_CONVERSION = YES;
				CLANG_WARN_OBJC_ROOT_CLASS = YES_ERROR;
				CLANG_WARN_QUOTED_INCLUDE_IN_FRAMEWORK_HEADER = YES;
				CLANG_WARN_RANGE_LOOP_ANALYSIS = YES;
				CLANG_WARN_STRICT_PROTOTYPES = YES;
				CLANG_WARN_SUSPICIOUS_MOVE = YES;
				CLANG_WARN_UNGUARDED_AVAILABILITY = YES_AGGRESSIVE;
				CLANG_WARN_UNREACHABLE_CODE = YES;
				CLANG_WARN__DUPLICATE_METHOD_MATCH = YES;
				COPY_PHASE_STRIP = NO;
				DEBUG_INFORMATION_FORMAT = "dwarf-with-dsym";
				ENABLE_NS_ASSERTIONS = NO;
				ENABLE_STRICT_OBJC_MSGSEND = YES;
				GCC_C_LANGUAGE_STANDARD = gnu11;
				GCC_NO_COMMON_BLOCKS = YES;
				GCC_WARN_64_TO_32_BIT_CONVERSION = YES;
				GCC_WARN_ABOUT_RETURN_TYPE = YES_ERROR;
				GCC_WARN_UNDECLARED_SELECTOR = YES;
				GCC_WARN_UNINITIALIZED_AUTOS = YES_AGGRESSIVE;
				GCC_WARN_UNUSED_FUNCTION = YES;
				GCC_WARN_UNUSED_VARIABLE = YES;
				IPHONEOS_DEPLOYMENT_TARGET = 14.5;
				MTL_ENABLE_DEBUG_INFO = NO;
				MTL_FAST_MATH = YES;
				SDKROOT = iphoneos;
				SWIFT_COMPILATION_MODE = wholemodule;
				SWIFT_OPTIMIZATION_LEVEL = "-O";
				VALIDATE_PRODUCT = YES;
			};
			name = Release;
		};
		CE0DB6BE26FA085D0082E593 /* Debug */ = {
			isa = XCBuildConfiguration;
			buildSettings = {
				ASSETCATALOG_COMPILER_APPICON_NAME = AppIcon;
				ASSETCATALOG_COMPILER_GLOBAL_ACCENT_COLOR_NAME = AccentColor;
				CODE_SIGN_STYLE = Automatic;
				DEVELOPMENT_TEAM = E53J4346HQ;
				INFOPLIST_FILE = DeinitObserverExample/Info.plist;
				LD_RUNPATH_SEARCH_PATHS = (
					"$(inherited)",
					"@executable_path/Frameworks",
				);
				PRODUCT_BUNDLE_IDENTIFIER = com.cozzin.DeinitObserverExample;
				PRODUCT_NAME = "$(TARGET_NAME)";
				SWIFT_VERSION = 5.0;
				TARGETED_DEVICE_FAMILY = "1,2";
			};
			name = Debug;
		};
		CE0DB6BF26FA085D0082E593 /* Release */ = {
			isa = XCBuildConfiguration;
			buildSettings = {
				ASSETCATALOG_COMPILER_APPICON_NAME = AppIcon;
				ASSETCATALOG_COMPILER_GLOBAL_ACCENT_COLOR_NAME = AccentColor;
				CODE_SIGN_STYLE = Automatic;
				DEVELOPMENT_TEAM = E53J4346HQ;
				INFOPLIST_FILE = DeinitObserverExample/Info.plist;
				LD_RUNPATH_SEARCH_PATHS = (
					"$(inherited)",
					"@executable_path/Frameworks",
				);
				PRODUCT_BUNDLE_IDENTIFIER = com.cozzin.DeinitObserverExample;
				PRODUCT_NAME = "$(TARGET_NAME)";
				SWIFT_VERSION = 5.0;
				TARGETED_DEVICE_FAMILY = "1,2";
			};
			name = Release;
		};
/* End XCBuildConfiguration section */

/* Begin XCConfigurationList section */
		CE0DB6A426FA085B0082E593 /* Build configuration list for PBXProject "DeinitObserverExample" */ = {
			isa = XCConfigurationList;
			buildConfigurations = (
				CE0DB6BB26FA085D0082E593 /* Debug */,
				CE0DB6BC26FA085D0082E593 /* Release */,
			);
			defaultConfigurationIsVisible = 0;
			defaultConfigurationName = Release;
		};
		CE0DB6BD26FA085D0082E593 /* Build configuration list for PBXNativeTarget "DeinitObserverExample" */ = {
			isa = XCConfigurationList;
			buildConfigurations = (
				CE0DB6BE26FA085D0082E593 /* Debug */,
				CE0DB6BF26FA085D0082E593 /* Release */,
			);
			defaultConfigurationIsVisible = 0;
			defaultConfigurationName = Release;
		};
/* End XCConfigurationList section */
	};
	rootObject = CE0DB6A126FA085B0082E593 /* Project object */;
}
